
Microsoft Visual Studio Solution File, Format Version 12.00
# Visual Studio 15
VisualStudioVersion = 15.0.26403.7
MinimumVisualStudioVersion = 10.0.40219.1
Project("{FAE04EC0-301F-11D3-BF4B-00C04F79EFBC}") = "BikeShopWebApi", "BikeShopWebApi\BikeShopWebApi.csproj", "{BEC32EC5-FDAD-4522-AA87-CFFC5A95D2A0}"
EndProject
Project("{FAE04EC0-301F-11D3-BF4B-00C04F79EFBC}") = "BikeShopWebApiTests", "BikeShopWebApiTests\BikeShopWebApiTests.csproj", "{671691F6-9F7A-481C-8B07-AF1CAFE35266}"
EndProject
Global
	GlobalSection(SolutionConfigurationPlatforms) = preSolution
		Debug|Any CPU = Debug|Any CPU
		Release|Any CPU = Release|Any CPU
	EndGlobalSection
	GlobalSection(ProjectConfigurationPlatforms) = postSolution
		{BEC32EC5-FDAD-4522-AA87-CFFC5A95D2A0}.Debug|Any CPU.ActiveCfg = Debug|Any CPU
		{BEC32EC5-FDAD-4522-AA87-CFFC5A95D2A0}.Debug|Any CPU.Build.0 = Debug|Any CPU
		{BEC32EC5-FDAD-4522-AA87-CFFC5A95D2A0}.Release|Any CPU.ActiveCfg = Release|Any CPU
		{BEC32EC5-FDAD-4522-AA87-CFFC5A95D2A0}.Release|Any CPU.Build.0 = Release|Any CPU
		{671691F6-9F7A-481C-8B07-AF1CAFE35266}.Debug|Any CPU.ActiveCfg = Debug|Any CPU
		{671691F6-9F7A-481C-8B07-AF1CAFE35266}.Debug|Any CPU.Build.0 = Debug|Any CPU
		{671691F6-9F7A-481C-8B07-AF1CAFE35266}.Release|Any CPU.ActiveCfg = Release|Any CPU
		{671691F6-9F7A-481C-8B07-AF1CAFE35266}.Release|Any CPU.Build.0 = Release|Any CPU
	EndGlobalSection
	GlobalSection(SolutionProperties) = preSolution
		HideSolutionNode = FALSE
	EndGlobalSection
EndGlobal
